
Microsoft Visual Studio Solution File, Format Version 12.00
# Visual Studio Version 16
VisualStudioVersion = 16.0.32602.291
MinimumVisualStudioVersion = 10.0.40219.1
Project("{8BC9CEB8-8B4A-11D0-8D11-00A0C91BC942}") = "hotel", "hotel\hotel.vcxproj", "{235C17F4-2768-4EC9-8EFC-BA4E2AF68B03}"
EndProject
Global
	GlobalSection(SolutionConfigurationPlatforms) = preSolution
		Debug|x64 = Debug|x64
		Debug|x86 = Debug|x86
		Release|x64 = Release|x64
		Release|x86 = Release|x86
	EndGlobalSection
	GlobalSection(ProjectConfigurationPlatforms) = postSolution
		{235C17F4-2768-4EC9-8EFC-BA4E2AF68B03}.Debug|x64.ActiveCfg = Debug|x64
		{235C17F4-2768-4EC9-8EFC-BA4E2AF68B03}.Debug|x64.Build.0 = Debug|x64
		{235C17F4-2768-4EC9-8EFC-BA4E2AF68B03}.Debug|x86.ActiveCfg = Debug|Win32
		{235C17F4-2768-4EC9-8EFC-BA4E2AF68B03}.Debug|x86.Build.0 = Debug|Win32
		{235C17F4-2768-4EC9-8EFC-BA4E2AF68B03}.Release|x64.ActiveCfg = Release|x64
		{235C17F4-2768-4EC9-8EFC-BA4E2AF68B03}.Release|x64.Build.0 = Release|x64
		{235C17F4-2768-4EC9-8EFC-BA4E2AF68B03}.Release|x86.ActiveCfg = Release|Win32
		{235C17F4-2768-4EC9-8EFC-BA4E2AF68B03}.Release|x86.Build.0 = Release|Win32
	EndGlobalSection
	GlobalSection(SolutionProperties) = preSolution
		HideSolutionNode = FALSE
	EndGlobalSection
	GlobalSection(ExtensibilityGlobals) = postSolution
		SolutionGuid = {95128785-62B9-4FD1-A2F6-F153B5391A81}
	EndGlobalSection
EndGlobal
